
Microsoft Visual Studio Solution File, Format Version 12.00
# Visual Studio 15
VisualStudioVersion = 15.0.27428.2043
MinimumVisualStudioVersion = 10.0.40219.1
Project("{FAE04EC0-301F-11D3-BF4B-00C04F79EFBC}") = "SIGEWebApi", "SIGEWebApi\SIGEWebApi.csproj", "{B636ED0B-0FF7-447D-A158-37A076DD360D}"
EndProject
Global
	GlobalSection(SolutionConfigurationPlatforms) = preSolution
		Debug|Any CPU = Debug|Any CPU
		Release|Any CPU = Release|Any CPU
	EndGlobalSection
	GlobalSection(ProjectConfigurationPlatforms) = postSolution
		{B636ED0B-0FF7-447D-A158-37A076DD360D}.Debug|Any CPU.ActiveCfg = Debug|Any CPU
		{B636ED0B-0FF7-447D-A158-37A076DD360D}.Debug|Any CPU.Build.0 = Debug|Any CPU
		{B636ED0B-0FF7-447D-A158-37A076DD360D}.Release|Any CPU.ActiveCfg = Release|Any CPU
		{B636ED0B-0FF7-447D-A158-37A076DD360D}.Release|Any CPU.Build.0 = Release|Any CPU
	EndGlobalSection
	GlobalSection(SolutionProperties) = preSolution
		HideSolutionNode = FALSE
	EndGlobalSection
	GlobalSection(ExtensibilityGlobals) = postSolution
		SolutionGuid = {09884D0B-E398-4260-B0C0-AA2649A9514F}
	EndGlobalSection
EndGlobal
